
Microsoft Visual Studio Solution File, Format Version 12.00
# Visual Studio Version 17
VisualStudioVersion = 17.14.36327.8 d17.14
MinimumVisualStudioVersion = 10.0.40219.1
Project("{FAE04EC0-301F-11D3-BF4B-00C04F79EFBC}") = "Hodina_16_10_Rusnak", "Hodina_16_10_Rusnak\Hodina_16_10_Rusnak.csproj", "{7F3D61BA-A686-4B9A-9A09-02812822437D}"
EndProject
Global
	GlobalSection(SolutionConfigurationPlatforms) = preSolution
		Debug|Any CPU = Debug|Any CPU
		Release|Any CPU = Release|Any CPU
	EndGlobalSection
	GlobalSection(ProjectConfigurationPlatforms) = postSolution
		{7F3D61BA-A686-4B9A-9A09-02812822437D}.Debug|Any CPU.ActiveCfg = Debug|Any CPU
		{7F3D61BA-A686-4B9A-9A09-02812822437D}.Debug|Any CPU.Build.0 = Debug|Any CPU
		{7F3D61BA-A686-4B9A-9A09-02812822437D}.Release|Any CPU.ActiveCfg = Release|Any CPU
		{7F3D61BA-A686-4B9A-9A09-02812822437D}.Release|Any CPU.Build.0 = Release|Any CPU
	EndGlobalSection
	GlobalSection(SolutionProperties) = preSolution
		HideSolutionNode = FALSE
	EndGlobalSection
	GlobalSection(ExtensibilityGlobals) = postSolution
		SolutionGuid = {DD3BBC20-04F6-4E04-90C7-7FC5EEAA51C8}
	EndGlobalSection
EndGlobal
